{
  "version": 4,
  "terraform_version": "1.3.7",
  "serial": 12,
  "lineage": "95d01f64-78f4-87a4-6380-675694c24423",
  "outputs": {},
  "resources": [
    {
      "mode": "data",
      "type": "azurerm_client_config",
      "name": "current",
      "provider": "provider[\"registry.terraform.io/hashicorp/azurerm\"]",
      "instances": [
        {
          "schema_version": 0,
          "attributes": {
            "client_id": "6b0168ac-c844-487e-94ef-17c9022f69ec",
            "id": "2023-02-08 23:30:30.268741 +0000 UTC",
            "object_id": "6083bed3-b094-4d26-b124-f78f8cb4429f",
            "subscription_id": "70c4288c-06bb-490d-b6b4-25e5046e431c",
            "tenant_id": "e0b4191b-b10d-4bd9-b661-0d569b9495c3",
            "timeouts": null
          },
          "sensitive_attributes": []
        }
      ]
    },
    {
      "mode": "managed",
      "type": "azurerm_key_vault",
      "name": "example",
      "provider": "provider[\"registry.terraform.io/hashicorp/azurerm\"]",
      "instances": [
        {
          "schema_version": 2,
          "attributes": {
            "access_policy": [
              {
                "application_id": "",
                "certificate_permissions": [],
                "key_permissions": [
                  "Get",
                  "Create",
                  "List",
                  "Delete"
                ],
                "object_id": "6083bed3-b094-4d26-b124-f78f8cb4429f",
                "secret_permissions": [
                  "Get",
                  "List",
                  "Delete"
                ],
                "storage_permissions": [
                  "Get"
                ],
                "tenant_id": "e0b4191b-b10d-4bd9-b661-0d569b9495c3"
              }
            ],
            "contact": [],
            "enable_rbac_authorization": false,
            "enabled_for_deployment": false,
            "enabled_for_disk_encryption": true,
            "enabled_for_template_deployment": false,
            "id": "/subscriptions/70c4288c-06bb-490d-b6b4-25e5046e431c/resourceGroups/DoakOps-resourceGroup/providers/Microsoft.KeyVault/vaults/doakops-site-keyvault",
            "location": "westus2",
            "name": "doakops-site-keyvault",
            "network_acls": [
              {
                "bypass": "AzureServices",
                "default_action": "Allow",
                "ip_rules": [],
                "virtual_network_subnet_ids": []
              }
            ],
            "purge_protection_enabled": false,
            "resource_group_name": "DoakOps-resourceGroup",
            "sku_name": "standard",
            "soft_delete_retention_days": 90,
            "tags": {},
            "tenant_id": "e0b4191b-b10d-4bd9-b661-0d569b9495c3",
            "timeouts": null,
            "vault_uri": "https://doakops-site-keyvault.vault.azure.net/"
          },
          "sensitive_attributes": [],
          "private": "eyJlMmJmYjczMC1lY2FhLTExZTYtOGY4OC0zNDM2M2JjN2M0YzAiOnsiY3JlYXRlIjoxODAwMDAwMDAwMDAwLCJkZWxldGUiOjE4MDAwMDAwMDAwMDAsInJlYWQiOjMwMDAwMDAwMDAwMCwidXBkYXRlIjoxODAwMDAwMDAwMDAwfSwic2NoZW1hX3ZlcnNpb24iOiIyIn0=",
          "dependencies": [
            "azurerm_resource_group.doakops-rg",
            "data.azurerm_client_config.current"
          ]
        }
      ]
    },
    {
      "mode": "managed",
      "type": "azurerm_resource_group",
      "name": "doakops-rg",
      "provider": "provider[\"registry.terraform.io/hashicorp/azurerm\"]",
      "instances": [
        {
          "schema_version": 0,
          "attributes": {
            "id": "/subscriptions/70c4288c-06bb-490d-b6b4-25e5046e431c/resourceGroups/DoakOps-resourceGroup",
            "location": "westus2",
            "name": "DoakOps-resourceGroup",
            "tags": {
              "environment": "dev"
            },
            "timeouts": null
          },
          "sensitive_attributes": [],
          "private": "eyJlMmJmYjczMC1lY2FhLTExZTYtOGY4OC0zNDM2M2JjN2M0YzAiOnsiY3JlYXRlIjo1NDAwMDAwMDAwMDAwLCJkZWxldGUiOjU0MDAwMDAwMDAwMDAsInJlYWQiOjMwMDAwMDAwMDAwMCwidXBkYXRlIjo1NDAwMDAwMDAwMDAwfX0="
        }
      ]
    },
    {
      "mode": "managed",
      "type": "azurerm_static_site",
      "name": "doakops-site",
      "provider": "provider[\"registry.terraform.io/hashicorp/azurerm\"]",
      "instances": [
        {
          "schema_version": 0,
          "attributes": {
            "api_key": "fd65640e8d957d748ca0333f231c8ae961997fe24a10b231b27081aca400eb952-0e140354-fbbb-4caf-bffc-98cf4f21ce0901e32799",
            "default_host_name": "lemon-bush-00d2f931e.2.azurestaticapps.net",
            "id": "/subscriptions/70c4288c-06bb-490d-b6b4-25e5046e431c/resourceGroups/DoakOps-resourceGroup/providers/Microsoft.Web/staticSites/DoakOps-site",
            "identity": [],
            "location": "westus2",
            "name": "DoakOps-site",
            "resource_group_name": "DoakOps-resourceGroup",
            "sku_size": "Free",
            "sku_tier": "Free",
            "tags": {
              "environment": "dev"
            },
            "timeouts": null
          },
          "sensitive_attributes": [],
          "private": "eyJlMmJmYjczMC1lY2FhLTExZTYtOGY4OC0zNDM2M2JjN2M0YzAiOnsiY3JlYXRlIjoxODAwMDAwMDAwMDAwLCJkZWxldGUiOjE4MDAwMDAwMDAwMDAsInJlYWQiOjMwMDAwMDAwMDAwMCwidXBkYXRlIjoxODAwMDAwMDAwMDAwfX0=",
          "dependencies": [
            "azurerm_resource_group.doakops-rg"
          ]
        }
      ]
    }
  ],
  "check_results": null
}
