{
  "version": 4,
  "terraform_version": "1.3.7",
  "serial": 15,
  "lineage": "95d01f64-78f4-87a4-6380-675694c24423",
  "outputs": {},
  "resources": [
    {
      "mode": "data",
      "type": "azurerm_client_config",
      "name": "current",
      "provider": "provider[\"registry.terraform.io/hashicorp/azurerm\"]",
      "instances": [
        {
          "schema_version": 0,
          "attributes": {
            "client_id": "04b07795-8ddb-461a-bbee-02f9e1bf7b46",
            "id": "2023-02-14 22:49:02.877483 +0000 UTC",
            "object_id": "",
            "subscription_id": "70c4288c-06bb-490d-b6b4-25e5046e431c",
            "tenant_id": "e0b4191b-b10d-4bd9-b661-0d569b9495c3",
            "timeouts": null
          },
          "sensitive_attributes": []
        }
      ]
    },
    {
      "mode": "managed",
      "type": "azurerm_dns_zone",
      "name": "doakops-dns",
      "provider": "provider[\"registry.terraform.io/hashicorp/azurerm\"]",
      "instances": [
        {
          "schema_version": 1,
          "attributes": {
            "id": "/subscriptions/70c4288c-06bb-490d-b6b4-25e5046e431c/resourceGroups/DoakOps-resourceGroup/providers/Microsoft.Network/dnszones/doakops.com",
            "max_number_of_record_sets": 10000,
            "name": "doakops.com",
            "name_servers": [
              "ns1-33.azure-dns.com.",
              "ns2-33.azure-dns.net.",
              "ns3-33.azure-dns.org.",
              "ns4-33.azure-dns.info."
            ],
            "number_of_record_sets": 2,
            "resource_group_name": "DoakOps-resourceGroup",
            "soa_record": [
              {
                "email": "azuredns-hostmaster.microsoft.com",
                "expire_time": 2419200,
                "fqdn": "doakops.com.",
                "host_name": "ns1-33.azure-dns.com.",
                "minimum_ttl": 300,
                "refresh_time": 3600,
                "retry_time": 300,
                "serial_number": 1,
                "tags": {},
                "ttl": 3600
              }
            ],
            "tags": null,
            "timeouts": null
          },
          "sensitive_attributes": [],
          "private": "eyJlMmJmYjczMC1lY2FhLTExZTYtOGY4OC0zNDM2M2JjN2M0YzAiOnsiY3JlYXRlIjoxODAwMDAwMDAwMDAwLCJkZWxldGUiOjE4MDAwMDAwMDAwMDAsInJlYWQiOjMwMDAwMDAwMDAwMCwidXBkYXRlIjoxODAwMDAwMDAwMDAwfSwic2NoZW1hX3ZlcnNpb24iOiIxIn0=",
          "dependencies": [
            "azurerm_resource_group.doakops-rg"
          ]
        }
      ]
    },
    {
      "mode": "managed",
      "type": "azurerm_resource_group",
      "name": "doakops-rg",
      "provider": "provider[\"registry.terraform.io/hashicorp/azurerm\"]",
      "instances": [
        {
          "schema_version": 0,
          "attributes": {
            "id": "/subscriptions/70c4288c-06bb-490d-b6b4-25e5046e431c/resourceGroups/DoakOps-resourceGroup",
            "location": "westus2",
            "name": "DoakOps-resourceGroup",
            "tags": {
              "environment": "dev"
            },
            "timeouts": null
          },
          "sensitive_attributes": [],
          "private": "eyJlMmJmYjczMC1lY2FhLTExZTYtOGY4OC0zNDM2M2JjN2M0YzAiOnsiY3JlYXRlIjo1NDAwMDAwMDAwMDAwLCJkZWxldGUiOjU0MDAwMDAwMDAwMDAsInJlYWQiOjMwMDAwMDAwMDAwMCwidXBkYXRlIjo1NDAwMDAwMDAwMDAwfX0="
        }
      ]
    },
    {
      "mode": "managed",
      "type": "azurerm_static_site",
      "name": "doakops-site",
      "provider": "provider[\"registry.terraform.io/hashicorp/azurerm\"]",
      "instances": [
        {
          "schema_version": 0,
          "attributes": {
            "api_key": "fd65640e8d957d748ca0333f231c8ae961997fe24a10b231b27081aca400eb952-0e140354-fbbb-4caf-bffc-98cf4f21ce0901e32799",
            "default_host_name": "lemon-bush-00d2f931e.2.azurestaticapps.net",
            "id": "/subscriptions/70c4288c-06bb-490d-b6b4-25e5046e431c/resourceGroups/DoakOps-resourceGroup/providers/Microsoft.Web/staticSites/DoakOps-site",
            "identity": [],
            "location": "westus2",
            "name": "DoakOps-site",
            "resource_group_name": "DoakOps-resourceGroup",
            "sku_size": "Free",
            "sku_tier": "Free",
            "tags": {
              "environment": "dev"
            },
            "timeouts": null
          },
          "sensitive_attributes": [],
          "private": "eyJlMmJmYjczMC1lY2FhLTExZTYtOGY4OC0zNDM2M2JjN2M0YzAiOnsiY3JlYXRlIjoxODAwMDAwMDAwMDAwLCJkZWxldGUiOjE4MDAwMDAwMDAwMDAsInJlYWQiOjMwMDAwMDAwMDAwMCwidXBkYXRlIjoxODAwMDAwMDAwMDAwfX0=",
          "dependencies": [
            "azurerm_resource_group.doakops-rg"
          ]
        }
      ]
    }
  ],
  "check_results": null
}
